
Microsoft Visual Studio Solution File, Format Version 12.00
# Visual Studio 15
VisualStudioVersion = 15.0.28307.271
MinimumVisualStudioVersion = 10.0.40219.1
Project("{FAE04EC0-301F-11D3-BF4B-00C04F79EFBC}") = "VisitorExample.WinForms", "VisitorExample.WinForms.csproj", "{324032FB-CA73-4D11-BC6E-A6F399AA4ADE}"
EndProject
Global
	GlobalSection(SolutionConfigurationPlatforms) = preSolution
		Debug|Any CPU = Debug|Any CPU
		Release|Any CPU = Release|Any CPU
	EndGlobalSection
	GlobalSection(ProjectConfigurationPlatforms) = postSolution
		{324032FB-CA73-4D11-BC6E-A6F399AA4ADE}.Debug|Any CPU.ActiveCfg = Debug|Any CPU
		{324032FB-CA73-4D11-BC6E-A6F399AA4ADE}.Debug|Any CPU.Build.0 = Debug|Any CPU
		{324032FB-CA73-4D11-BC6E-A6F399AA4ADE}.Release|Any CPU.ActiveCfg = Release|Any CPU
		{324032FB-CA73-4D11-BC6E-A6F399AA4ADE}.Release|Any CPU.Build.0 = Release|Any CPU
	EndGlobalSection
	GlobalSection(SolutionProperties) = preSolution
		HideSolutionNode = FALSE
	EndGlobalSection
	GlobalSection(ExtensibilityGlobals) = postSolution
		SolutionGuid = {E608D2DF-EF5A-4352-9645-43CB5951A843}
	EndGlobalSection
EndGlobal
